{
  "name": "NoDueProject",
  "lockfileVersion": 3,
  "requires": true,
  "packages": {
    "": {
      "dependencies": {
        "ngx-ui-loader": "^13.0.0"
      }
    },
    "node_modules/@angular/common": {
      "version": "18.2.7",
      "resolved": "https://registry.npmjs.org/@angular/common/-/common-18.2.7.tgz",
      "integrity": "sha512-5vDBmBR2JcIxHVEDunKXNU+T+OvTGiHZTSo35GFOHJxKFgX5g6+0tJBZunK04oBZGbJQUmp3pg2kMvuKKjZnkQ==",
      "peer": true,
      "dependencies": {
        "tslib": "^2.3.0"
      },
      "engines": {
        "node": "^18.19.1 || ^20.11.1 || >=22.0.0"
      },
      "peerDependencies": {
        "@angular/core": "18.2.7",
        "rxjs": "^6.5.3 || ^7.4.0"
      }
    },
    "node_modules/@angular/core": {
      "version": "18.2.7",
      "resolved": "https://registry.npmjs.org/@angular/core/-/core-18.2.7.tgz",
      "integrity": "sha512-hLOxgxLiyWm9iVHBsUsJfx1hDsXWZnfJBlr+N7cev53f0CDoPfbshqq6KV+JFqXFDguzR9dKHm1ewT1jK3e6Tw==",
      "peer": true,
      "dependencies": {
        "tslib": "^2.3.0"
      },
      "engines": {
        "node": "^18.19.1 || ^20.11.1 || >=22.0.0"
      },
      "peerDependencies": {
        "rxjs": "^6.5.3 || ^7.4.0",
        "zone.js": "~0.14.10"
      }
    },
    "node_modules/ngx-ui-loader": {
      "version": "13.0.0",
      "resolved": "https://registry.npmjs.org/ngx-ui-loader/-/ngx-ui-loader-13.0.0.tgz",
      "integrity": "sha512-Dc/YKCc2d6v5Qsqh7toKaPUH/Ml/FjzbpGyr6kr7c0R94EaLZb+A+GYK/F5FgzHUQFZq5Usa+0HPfk3i+Dkz6w==",
      "dependencies": {
        "tslib": "^2.3.0"
      },
      "peerDependencies": {
        "@angular/common": ">=13.0.0",
        "@angular/core": ">=13.0.0"
      }
    },
    "node_modules/rxjs": {
      "version": "7.8.1",
      "resolved": "https://registry.npmjs.org/rxjs/-/rxjs-7.8.1.tgz",
      "integrity": "sha512-AA3TVj+0A2iuIoQkWEK/tqFjBq2j+6PO6Y0zJcvzLAFhEFIO3HL0vls9hWLncZbAAbK0mar7oZ4V079I/qPMxg==",
      "peer": true,
      "dependencies": {
        "tslib": "^2.1.0"
      }
    },
    "node_modules/tslib": {
      "version": "2.7.0",
      "resolved": "https://registry.npmjs.org/tslib/-/tslib-2.7.0.tgz",
      "integrity": "sha512-gLXCKdN1/j47AiHiOkJN69hJmcbGTHI0ImLmbYLHykhgeN0jVGola9yVjFgzCUklsZQMW55o+dW7IXv3RCXDzA=="
    },
    "node_modules/zone.js": {
      "version": "0.14.10",
      "resolved": "https://registry.npmjs.org/zone.js/-/zone.js-0.14.10.tgz",
      "integrity": "sha512-YGAhaO7J5ywOXW6InXNlLmfU194F8lVgu7bRntUF3TiG8Y3nBK0x1UJJuHUP/e8IyihkjCYqhCScpSwnlaSRkQ==",
      "peer": true
    }
  }
}
